// !$*UTF8*$!
{
	archiveVersion = 1;
	classes = {
	};
	objectVersion = 46;
	objects = {

/* Begin PBXBuildFile section */
		BF91940E1B5783E60007D169 /* AppDelegate.swift in Sources */ = {isa = PBXBuildFile; fileRef = BF91940D1B5783E60007D169 /* AppDelegate.swift */; };
		BF9194111B5783E60007D169 /* FaImagePicker.xcdatamodeld in Sources */ = {isa = PBXBuildFile; fileRef = BF91940F1B5783E60007D169 /* FaImagePicker.xcdatamodeld */; };
		BF9194131B5783E60007D169 /* ViewController.swift in Sources */ = {isa = PBXBuildFile; fileRef = BF9194121B5783E60007D169 /* ViewController.swift */; };
		BF9194161B5783E60007D169 /* Main.storyboard in Resources */ = {isa = PBXBuildFile; fileRef = BF9194141B5783E60007D169 /* Main.storyboard */; };
		BF9194181B5783E70007D169 /* Images.xcassets in Resources */ = {isa = PBXBuildFile; fileRef = BF9194171B5783E70007D169 /* Images.xcassets */; };
		BF91941B1B5783E70007D169 /* LaunchScreen.xib in Resources */ = {isa = PBXBuildFile; fileRef = BF9194191B5783E70007D169 /* LaunchScreen.xib */; };
		BF9194271B5783E70007D169 /* FaImagePickerTests.swift in Sources */ = {isa = PBXBuildFile; fileRef = BF9194261B5783E70007D169 /* FaImagePickerTests.swift */; };
		BF9194311B57843A0007D169 /* FaImagePicker.storyboard in Resources */ = {isa = PBXBuildFile; fileRef = BF9194301B57843A0007D169 /* FaImagePicker.storyboard */; };
		BF9194361B5786E80007D169 /* AlbumTableViewController.swift in Sources */ = {isa = PBXBuildFile; fileRef = BF9194351B5786E80007D169 /* AlbumTableViewController.swift */; };
		BF9194391B5790DD0007D169 /* AlbumTableViewCell.swift in Sources */ = {isa = PBXBuildFile; fileRef = BF9194381B5790DD0007D169 /* AlbumTableViewCell.swift */; };
		BF91943B1B57A0BC0007D169 /* AssetCollectionViewController.swift in Sources */ = {isa = PBXBuildFile; fileRef = BF91943A1B57A0BC0007D169 /* AssetCollectionViewController.swift */; };
		BF91943D1B57A0CC0007D169 /* AssetCollectionViewCell.swift in Sources */ = {isa = PBXBuildFile; fileRef = BF91943C1B57A0CC0007D169 /* AssetCollectionViewCell.swift */; };
/* End PBXBuildFile section */

/* Begin PBXContainerItemProxy section */
		BF9194211B5783E70007D169 /* PBXContainerItemProxy */ = {
			isa = PBXContainerItemProxy;
			containerPortal = BF9194001B5783E60007D169 /* Project object */;
			proxyType = 1;
			remoteGlobalIDString = BF9194071B5783E60007D169;
			remoteInfo = FaImagePicker;
		};
/* End PBXContainerItemProxy section */

/* Begin PBXFileReference section */
		BF9194081B5783E60007D169 /* FaImagePicker.app */ = {isa = PBXFileReference; explicitFileType = wrapper.application; includeInIndex = 0; path = FaImagePicker.app; sourceTree = BUILT_PRODUCTS_DIR; };
		BF91940C1B5783E60007D169 /* Info.plist */ = {isa = PBXFileReference; lastKnownFileType = text.plist.xml; path = Info.plist; sourceTree = "<group>"; };
		BF91940D1B5783E60007D169 /* AppDelegate.swift */ = {isa = PBXFileReference; lastKnownFileType = sourcecode.swift; path = AppDelegate.swift; sourceTree = "<group>"; };
		BF9194101B5783E60007D169 /* FaImagePicker.xcdatamodel */ = {isa = PBXFileReference; lastKnownFileType = wrapper.xcdatamodel; path = FaImagePicker.xcdatamodel; sourceTree = "<group>"; };
		BF9194121B5783E60007D169 /* ViewController.swift */ = {isa = PBXFileReference; lastKnownFileType = sourcecode.swift; path = ViewController.swift; sourceTree = "<group>"; };
		BF9194151B5783E60007D169 /* Base */ = {isa = PBXFileReference; lastKnownFileType = file.storyboard; name = Base; path = Base.lproj/Main.storyboard; sourceTree = "<group>"; };
		BF9194171B5783E70007D169 /* Images.xcassets */ = {isa = PBXFileReference; lastKnownFileType = folder.assetcatalog; path = Images.xcassets; sourceTree = "<group>"; };
		BF91941A1B5783E70007D169 /* Base */ = {isa = PBXFileReference; lastKnownFileType = file.xib; name = Base; path = Base.lproj/LaunchScreen.xib; sourceTree = "<group>"; };
		BF9194201B5783E70007D169 /* FaImagePickerTests.xctest */ = {isa = PBXFileReference; explicitFileType = wrapper.cfbundle; includeInIndex = 0; path = FaImagePickerTests.xctest; sourceTree = BUILT_PRODUCTS_DIR; };
		BF9194251B5783E70007D169 /* Info.plist */ = {isa = PBXFileReference; lastKnownFileType = text.plist.xml; path = Info.plist; sourceTree = "<group>"; };
		BF9194261B5783E70007D169 /* FaImagePickerTests.swift */ = {isa = PBXFileReference; lastKnownFileType = sourcecode.swift; path = FaImagePickerTests.swift; sourceTree = "<group>"; };
		BF9194301B57843A0007D169 /* FaImagePicker.storyboard */ = {isa = PBXFileReference; fileEncoding = 4; lastKnownFileType = file.storyboard; path = FaImagePicker.storyboard; sourceTree = "<group>"; };
		BF9194351B5786E80007D169 /* AlbumTableViewController.swift */ = {isa = PBXFileReference; fileEncoding = 4; lastKnownFileType = sourcecode.swift; path = AlbumTableViewController.swift; sourceTree = "<group>"; };
		BF9194381B5790DD0007D169 /* AlbumTableViewCell.swift */ = {isa = PBXFileReference; fileEncoding = 4; lastKnownFileType = sourcecode.swift; path = AlbumTableViewCell.swift; sourceTree = "<group>"; };
		BF91943A1B57A0BC0007D169 /* AssetCollectionViewController.swift */ = {isa = PBXFileReference; fileEncoding = 4; lastKnownFileType = sourcecode.swift; path = AssetCollectionViewController.swift; sourceTree = "<group>"; };
		BF91943C1B57A0CC0007D169 /* AssetCollectionViewCell.swift */ = {isa = PBXFileReference; fileEncoding = 4; lastKnownFileType = sourcecode.swift; path = AssetCollectionViewCell.swift; sourceTree = "<group>"; };
/* End PBXFileReference section */

/* Begin PBXFrameworksBuildPhase section */
		BF9194051B5783E60007D169 /* Frameworks */ = {
			isa = PBXFrameworksBuildPhase;
			buildActionMask = 2147483647;
			files = (
			);
			runOnlyForDeploymentPostprocessing = 0;
		};
		BF91941D1B5783E70007D169 /* Frameworks */ = {
			isa = PBXFrameworksBuildPhase;
			buildActionMask = 2147483647;
			files = (
			);
			runOnlyForDeploymentPostprocessing = 0;
		};
/* End PBXFrameworksBuildPhase section */

/* Begin PBXGroup section */
		BF9193FF1B5783E60007D169 = {
			isa = PBXGroup;
			children = (
				BF91940A1B5783E60007D169 /* FaImagePicker */,
				BF9194231B5783E70007D169 /* FaImagePickerTests */,
				BF9194091B5783E60007D169 /* Products */,
			);
			sourceTree = "<group>";
		};
		BF9194091B5783E60007D169 /* Products */ = {
			isa = PBXGroup;
			children = (
				BF9194081B5783E60007D169 /* FaImagePicker.app */,
				BF9194201B5783E70007D169 /* FaImagePickerTests.xctest */,
			);
			name = Products;
			sourceTree = "<group>";
		};
		BF91940A1B5783E60007D169 /* FaImagePicker */ = {
			isa = PBXGroup;
			children = (
				BF91940D1B5783E60007D169 /* AppDelegate.swift */,
				BF9194121B5783E60007D169 /* ViewController.swift */,
				BF9194141B5783E60007D169 /* Main.storyboard */,
				BF9194321B5786610007D169 /* ImagePicker */,
				BF9194171B5783E70007D169 /* Images.xcassets */,
				BF9194191B5783E70007D169 /* LaunchScreen.xib */,
				BF91940F1B5783E60007D169 /* FaImagePicker.xcdatamodeld */,
				BF91940B1B5783E60007D169 /* Supporting Files */,
			);
			path = FaImagePicker;
			sourceTree = "<group>";
		};
		BF91940B1B5783E60007D169 /* Supporting Files */ = {
			isa = PBXGroup;
			children = (
				BF91940C1B5783E60007D169 /* Info.plist */,
			);
			name = "Supporting Files";
			sourceTree = "<group>";
		};
		BF9194231B5783E70007D169 /* FaImagePickerTests */ = {
			isa = PBXGroup;
			children = (
				BF9194261B5783E70007D169 /* FaImagePickerTests.swift */,
				BF9194241B5783E70007D169 /* Supporting Files */,
			);
			path = FaImagePickerTests;
			sourceTree = "<group>";
		};
		BF9194241B5783E70007D169 /* Supporting Files */ = {
			isa = PBXGroup;
			children = (
				BF9194251B5783E70007D169 /* Info.plist */,
			);
			name = "Supporting Files";
			sourceTree = "<group>";
		};
		BF9194321B5786610007D169 /* ImagePicker */ = {
			isa = PBXGroup;
			children = (
				BF9194301B57843A0007D169 /* FaImagePicker.storyboard */,
				BF9194351B5786E80007D169 /* AlbumTableViewController.swift */,
				BF9194381B5790DD0007D169 /* AlbumTableViewCell.swift */,
				BF91943A1B57A0BC0007D169 /* AssetCollectionViewController.swift */,
				BF91943C1B57A0CC0007D169 /* AssetCollectionViewCell.swift */,
			);
			name = ImagePicker;
			sourceTree = "<group>";
		};
/* End PBXGroup section */

/* Begin PBXNativeTarget section */
		BF9194071B5783E60007D169 /* FaImagePicker */ = {
			isa = PBXNativeTarget;
			buildConfigurationList = BF91942A1B5783E70007D169 /* Build configuration list for PBXNativeTarget "FaImagePicker" */;
			buildPhases = (
				BF9194041B5783E60007D169 /* Sources */,
				BF9194051B5783E60007D169 /* Frameworks */,
				BF9194061B5783E60007D169 /* Resources */,
			);
			buildRules = (
			);
			dependencies = (
			);
			name = FaImagePicker;
			productName = FaImagePicker;
			productReference = BF9194081B5783E60007D169 /* FaImagePicker.app */;
			productType = "com.apple.product-type.application";
		};
		BF91941F1B5783E70007D169 /* FaImagePickerTests */ = {
			isa = PBXNativeTarget;
			buildConfigurationList = BF91942D1B5783E70007D169 /* Build configuration list for PBXNativeTarget "FaImagePickerTests" */;
			buildPhases = (
				BF91941C1B5783E70007D169 /* Sources */,
				BF91941D1B5783E70007D169 /* Frameworks */,
				BF91941E1B5783E70007D169 /* Resources */,
			);
			buildRules = (
			);
			dependencies = (
				BF9194221B5783E70007D169 /* PBXTargetDependency */,
			);
			name = FaImagePickerTests;
			productName = FaImagePickerTests;
			productReference = BF9194201B5783E70007D169 /* FaImagePickerTests.xctest */;
			productType = "com.apple.product-type.bundle.unit-test";
		};
/* End PBXNativeTarget section */

/* Begin PBXProject section */
		BF9194001B5783E60007D169 /* Project object */ = {
			isa = PBXProject;
			attributes = {
				LastUpgradeCheck = 0640;
				ORGANIZATIONNAME = maneuling;
				TargetAttributes = {
					BF9194071B5783E60007D169 = {
						CreatedOnToolsVersion = 6.4;
					};
					BF91941F1B5783E70007D169 = {
						CreatedOnToolsVersion = 6.4;
						TestTargetID = BF9194071B5783E60007D169;
					};
				};
			};
			buildConfigurationList = BF9194031B5783E60007D169 /* Build configuration list for PBXProject "FaImagePicker" */;
			compatibilityVersion = "Xcode 3.2";
			developmentRegion = English;
			hasScannedForEncodings = 0;
			knownRegions = (
				en,
				Base,
			);
			mainGroup = BF9193FF1B5783E60007D169;
			productRefGroup = BF9194091B5783E60007D169 /* Products */;
			projectDirPath = "";
			projectRoot = "";
			targets = (
				BF9194071B5783E60007D169 /* FaImagePicker */,
				BF91941F1B5783E70007D169 /* FaImagePickerTests */,
			);
		};
/* End PBXProject section */

/* Begin PBXResourcesBuildPhase section */
		BF9194061B5783E60007D169 /* Resources */ = {
			isa = PBXResourcesBuildPhase;
			buildActionMask = 2147483647;
			files = (
				BF9194161B5783E60007D169 /* Main.storyboard in Resources */,
				BF91941B1B5783E70007D169 /* LaunchScreen.xib in Resources */,
				BF9194181B5783E70007D169 /* Images.xcassets in Resources */,
				BF9194311B57843A0007D169 /* FaImagePicker.storyboard in Resources */,
			);
			runOnlyForDeploymentPostprocessing = 0;
		};
		BF91941E1B5783E70007D169 /* Resources */ = {
			isa = PBXResourcesBuildPhase;
			buildActionMask = 2147483647;
			files = (
			);
			runOnlyForDeploymentPostprocessing = 0;
		};
/* End PBXResourcesBuildPhase section */

/* Begin PBXSourcesBuildPhase section */
		BF9194041B5783E60007D169 /* Sources */ = {
			isa = PBXSourcesBuildPhase;
			buildActionMask = 2147483647;
			files = (
				BF9194391B5790DD0007D169 /* AlbumTableViewCell.swift in Sources */,
				BF9194131B5783E60007D169 /* ViewController.swift in Sources */,
				BF9194361B5786E80007D169 /* AlbumTableViewController.swift in Sources */,
				BF9194111B5783E60007D169 /* FaImagePicker.xcdatamodeld in Sources */,
				BF91943D1B57A0CC0007D169 /* AssetCollectionViewCell.swift in Sources */,
				BF91940E1B5783E60007D169 /* AppDelegate.swift in Sources */,
				BF91943B1B57A0BC0007D169 /* AssetCollectionViewController.swift in Sources */,
			);
			runOnlyForDeploymentPostprocessing = 0;
		};
		BF91941C1B5783E70007D169 /* Sources */ = {
			isa = PBXSourcesBuildPhase;
			buildActionMask = 2147483647;
			files = (
				BF9194271B5783E70007D169 /* FaImagePickerTests.swift in Sources */,
			);
			runOnlyForDeploymentPostprocessing = 0;
		};
/* End PBXSourcesBuildPhase section */

/* Begin PBXTargetDependency section */
		BF9194221B5783E70007D169 /* PBXTargetDependency */ = {
			isa = PBXTargetDependency;
			target = BF9194071B5783E60007D169 /* FaImagePicker */;
			targetProxy = BF9194211B5783E70007D169 /* PBXContainerItemProxy */;
		};
/* End PBXTargetDependency section */

/* Begin PBXVariantGroup section */
		BF9194141B5783E60007D169 /* Main.storyboard */ = {
			isa = PBXVariantGroup;
			children = (
				BF9194151B5783E60007D169 /* Base */,
			);
			name = Main.storyboard;
			sourceTree = "<group>";
		};
		BF9194191B5783E70007D169 /* LaunchScreen.xib */ = {
			isa = PBXVariantGroup;
			children = (
				BF91941A1B5783E70007D169 /* Base */,
			);
			name = LaunchScreen.xib;
			sourceTree = "<group>";
		};
/* End PBXVariantGroup section */

/* Begin XCBuildConfiguration section */
		BF9194281B5783E70007D169 /* Debug */ = {
			isa = XCBuildConfiguration;
			buildSettings = {
				ALWAYS_SEARCH_USER_PATHS = NO;
				CLANG_CXX_LANGUAGE_STANDARD = "gnu++0x";
				CLANG_CXX_LIBRARY = "libc++";
				CLANG_ENABLE_MODULES = YES;
				CLANG_ENABLE_OBJC_ARC = YES;
				CLANG_WARN_BOOL_CONVERSION = YES;
				CLANG_WARN_CONSTANT_CONVERSION = YES;
				CLANG_WARN_DIRECT_OBJC_ISA_USAGE = YES_ERROR;
				CLANG_WARN_EMPTY_BODY = YES;
				CLANG_WARN_ENUM_CONVERSION = YES;
				CLANG_WARN_INT_CONVERSION = YES;
				CLANG_WARN_OBJC_ROOT_CLASS = YES_ERROR;
				CLANG_WARN_UNREACHABLE_CODE = YES;
				CLANG_WARN__DUPLICATE_METHOD_MATCH = YES;
				"CODE_SIGN_IDENTITY[sdk=iphoneos*]" = "iPhone Developer";
				COPY_PHASE_STRIP = NO;
				DEBUG_INFORMATION_FORMAT = "dwarf-with-dsym";
				ENABLE_STRICT_OBJC_MSGSEND = YES;
				GCC_C_LANGUAGE_STANDARD = gnu99;
				GCC_DYNAMIC_NO_PIC = NO;
				GCC_NO_COMMON_BLOCKS = YES;
				GCC_OPTIMIZATION_LEVEL = 0;
				GCC_PREPROCESSOR_DEFINITIONS = (
					"DEBUG=1",
					"$(inherited)",
				);
				GCC_SYMBOLS_PRIVATE_EXTERN = NO;
				GCC_WARN_64_TO_32_BIT_CONVERSION = YES;
				GCC_WARN_ABOUT_RETURN_TYPE = YES_ERROR;
				GCC_WARN_UNDECLARED_SELECTOR = YES;
				GCC_WARN_UNINITIALIZED_AUTOS = YES_AGGRESSIVE;
				GCC_WARN_UNUSED_FUNCTION = YES;
				GCC_WARN_UNUSED_VARIABLE = YES;
				IPHONEOS_DEPLOYMENT_TARGET = 8.4;
				MTL_ENABLE_DEBUG_INFO = YES;
				ONLY_ACTIVE_ARCH = YES;
				SDKROOT = iphoneos;
				SWIFT_OPTIMIZATION_LEVEL = "-Onone";
				TARGETED_DEVICE_FAMILY = "1,2";
			};
			name = Debug;
		};
		BF9194291B5783E70007D169 /* Release */ = {
			isa = XCBuildConfiguration;
			buildSettings = {
				ALWAYS_SEARCH_USER_PATHS = NO;
				CLANG_CXX_LANGUAGE_STANDARD = "gnu++0x";
				CLANG_CXX_LIBRARY = "libc++";
				CLANG_ENABLE_MODULES = YES;
				CLANG_ENABLE_OBJC_ARC = YES;
				CLANG_WARN_BOOL_CONVERSION = YES;
				CLANG_WARN_CONSTANT_CONVERSION = YES;
				CLANG_WARN_DIRECT_OBJC_ISA_USAGE = YES_ERROR;
				CLANG_WARN_EMPTY_BODY = YES;
				CLANG_WARN_ENUM_CONVERSION = YES;
				CLANG_WARN_INT_CONVERSION = YES;
				CLANG_WARN_OBJC_ROOT_CLASS = YES_ERROR;
				CLANG_WARN_UNREACHABLE_CODE = YES;
				CLANG_WARN__DUPLICATE_METHOD_MATCH = YES;
				"CODE_SIGN_IDENTITY[sdk=iphoneos*]" = "iPhone Developer";
				COPY_PHASE_STRIP = NO;
				DEBUG_INFORMATION_FORMAT = "dwarf-with-dsym";
				ENABLE_NS_ASSERTIONS = NO;
				ENABLE_STRICT_OBJC_MSGSEND = YES;
				GCC_C_LANGUAGE_STANDARD = gnu99;
				GCC_NO_COMMON_BLOCKS = YES;
				GCC_WARN_64_TO_32_BIT_CONVERSION = YES;
				GCC_WARN_ABOUT_RETURN_TYPE = YES_ERROR;
				GCC_WARN_UNDECLARED_SELECTOR = YES;
				GCC_WARN_UNINITIALIZED_AUTOS = YES_AGGRESSIVE;
				GCC_WARN_UNUSED_FUNCTION = YES;
				GCC_WARN_UNUSED_VARIABLE = YES;
				IPHONEOS_DEPLOYMENT_TARGET = 8.4;
				MTL_ENABLE_DEBUG_INFO = NO;
				SDKROOT = iphoneos;
				TARGETED_DEVICE_FAMILY = "1,2";
				VALIDATE_PRODUCT = YES;
			};
			name = Release;
		};
		BF91942B1B5783E70007D169 /* Debug */ = {
			isa = XCBuildConfiguration;
			buildSettings = {
				ASSETCATALOG_COMPILER_APPICON_NAME = AppIcon;
				INFOPLIST_FILE = FaImagePicker/Info.plist;
				LD_RUNPATH_SEARCH_PATHS = "$(inherited) @executable_path/Frameworks";
				PRODUCT_NAME = "$(TARGET_NAME)";
			};
			name = Debug;
		};
		BF91942C1B5783E70007D169 /* Release */ = {
			isa = XCBuildConfiguration;
			buildSettings = {
				ASSETCATALOG_COMPILER_APPICON_NAME = AppIcon;
				INFOPLIST_FILE = FaImagePicker/Info.plist;
				LD_RUNPATH_SEARCH_PATHS = "$(inherited) @executable_path/Frameworks";
				PRODUCT_NAME = "$(TARGET_NAME)";
			};
			name = Release;
		};
		BF91942E1B5783E70007D169 /* Debug */ = {
			isa = XCBuildConfiguration;
			buildSettings = {
				BUNDLE_LOADER = "$(TEST_HOST)";
				FRAMEWORK_SEARCH_PATHS = (
					"$(SDKROOT)/Developer/Library/Frameworks",
					"$(inherited)",
				);
				GCC_PREPROCESSOR_DEFINITIONS = (
					"DEBUG=1",
					"$(inherited)",
				);
				INFOPLIST_FILE = FaImagePickerTests/Info.plist;
				LD_RUNPATH_SEARCH_PATHS = "$(inherited) @executable_path/Frameworks @loader_path/Frameworks";
				PRODUCT_NAME = "$(TARGET_NAME)";
				TEST_HOST = "$(BUILT_PRODUCTS_DIR)/FaImagePicker.app/FaImagePicker";
			};
			name = Debug;
		};
		BF91942F1B5783E70007D169 /* Release */ = {
			isa = XCBuildConfiguration;
			buildSettings = {
				BUNDLE_LOADER = "$(TEST_HOST)";
				FRAMEWORK_SEARCH_PATHS = (
					"$(SDKROOT)/Developer/Library/Frameworks",
					"$(inherited)",
				);
				INFOPLIST_FILE = FaImagePickerTests/Info.plist;
				LD_RUNPATH_SEARCH_PATHS = "$(inherited) @executable_path/Frameworks @loader_path/Frameworks";
				PRODUCT_NAME = "$(TARGET_NAME)";
				TEST_HOST = "$(BUILT_PRODUCTS_DIR)/FaImagePicker.app/FaImagePicker";
			};
			name = Release;
		};
/* End XCBuildConfiguration section */

/* Begin XCConfigurationList section */
		BF9194031B5783E60007D169 /* Build configuration list for PBXProject "FaImagePicker" */ = {
			isa = XCConfigurationList;
			buildConfigurations = (
				BF9194281B5783E70007D169 /* Debug */,
				BF9194291B5783E70007D169 /* Release */,
			);
			defaultConfigurationIsVisible = 0;
			defaultConfigurationName = Release;
		};
		BF91942A1B5783E70007D169 /* Build configuration list for PBXNativeTarget "FaImagePicker" */ = {
			isa = XCConfigurationList;
			buildConfigurations = (
				BF91942B1B5783E70007D169 /* Debug */,
				BF91942C1B5783E70007D169 /* Release */,
			);
			defaultConfigurationIsVisible = 0;
		};
		BF91942D1B5783E70007D169 /* Build configuration list for PBXNativeTarget "FaImagePickerTests" */ = {
			isa = XCConfigurationList;
			buildConfigurations = (
				BF91942E1B5783E70007D169 /* Debug */,
				BF91942F1B5783E70007D169 /* Release */,
			);
			defaultConfigurationIsVisible = 0;
		};
/* End XCConfigurationList section */

/* Begin XCVersionGroup section */
		BF91940F1B5783E60007D169 /* FaImagePicker.xcdatamodeld */ = {
			isa = XCVersionGroup;
			children = (
				BF9194101B5783E60007D169 /* FaImagePicker.xcdatamodel */,
			);
			currentVersion = BF9194101B5783E60007D169 /* FaImagePicker.xcdatamodel */;
			path = FaImagePicker.xcdatamodeld;
			sourceTree = "<group>";
			versionGroupType = wrapper.xcdatamodel;
		};
/* End XCVersionGroup section */
	};
	rootObject = BF9194001B5783E60007D169 /* Project object */;
}
